
Microsoft Visual Studio Solution File, Format Version 12.00
# Visual Studio Version 16
VisualStudioVersion = 16.0.31729.503
MinimumVisualStudioVersion = 10.0.40219.1
Project("{FAE04EC0-301F-11D3-BF4B-00C04F79EFBC}") = "MeuCatalogoDeJogosAPI", "MeuCatalogoDeJogosAPI\MeuCatalogoDeJogosAPI.csproj", "{E7BA7BF9-D465-4F4A-9F11-E77B54752D47}"
EndProject
Global
	GlobalSection(SolutionConfigurationPlatforms) = preSolution
		Debug|Any CPU = Debug|Any CPU
		Release|Any CPU = Release|Any CPU
	EndGlobalSection
	GlobalSection(ProjectConfigurationPlatforms) = postSolution
		{E7BA7BF9-D465-4F4A-9F11-E77B54752D47}.Debug|Any CPU.ActiveCfg = Debug|Any CPU
		{E7BA7BF9-D465-4F4A-9F11-E77B54752D47}.Debug|Any CPU.Build.0 = Debug|Any CPU
		{E7BA7BF9-D465-4F4A-9F11-E77B54752D47}.Release|Any CPU.ActiveCfg = Release|Any CPU
		{E7BA7BF9-D465-4F4A-9F11-E77B54752D47}.Release|Any CPU.Build.0 = Release|Any CPU
	EndGlobalSection
	GlobalSection(SolutionProperties) = preSolution
		HideSolutionNode = FALSE
	EndGlobalSection
	GlobalSection(ExtensibilityGlobals) = postSolution
		SolutionGuid = {01ACF0E9-2D07-4FC6-8E9F-DA3E593D4B1A}
	EndGlobalSection
EndGlobal
